// !$*UTF8*$!
{
	archiveVersion = 1;
	classes = {
	};
	objectVersion = 77;
	objects = {

/* Begin PBXBuildFile section */
		AE00000000000000000000C3 /* AuraKit in Frameworks */ = {isa = PBXBuildFile; productRef = AE00000000000000000000C2 /* AuraKit */; };
		AE00000000000000000000DB /* AuraKit in Frameworks */ = {isa = PBXBuildFile; productRef = AE00000000000000000000DA /* AuraKit */; };
		AE00000000000000000000DC /* AuraWidgetsExtension.appex in Embed Foundation Extensions */ = {isa = PBXBuildFile; fileRef = AE00000000000000000000D2 /* AuraWidgetsExtension.appex */; settings = {ATTRIBUTES = (RemoveHeadersOnCopy, ); }; };
		AE00000000000000000000EB /* AuraKit in Frameworks */ = {isa = PBXBuildFile; productRef = AE00000000000000000000EA /* AuraKit */; };
		AE00000000000000000000ED /* AuraWatchComplication.appex in Embed Foundation Extensions */ = {isa = PBXBuildFile; fileRef = AE00000000000000000000F1 /* AuraWatchComplication.appex */; settings = {ATTRIBUTES = (RemoveHeadersOnCopy, ); }; };
		AE00000000000000000000F7 /* AuraKit in Frameworks */ = {isa = PBXBuildFile; productRef = AE00000000000000000000F6 /* AuraKit */; };
		AE00000000000000000000FC /* AuraWatch.app in Embed Watch Content */ = {isa = PBXBuildFile; fileRef = AE00000000000000000000E5 /* AuraWatch.app */; settings = {ATTRIBUTES = (RemoveHeadersOnCopy, ); }; };
/* End PBXBuildFile section */

/* Begin PBXContainerItemProxy section */
		AE00000000000000000000DF /* PBXContainerItemProxy */ = {
			isa = PBXContainerItemProxy;
			containerPortal = AE00000000000000000000A1 /* Project object */;
			proxyType = 1;
			remoteGlobalIDString = AE00000000000000000000D1;
			remoteInfo = AuraWidgetsExtension;
		};
		AE00000000000000000000FA /* PBXContainerItemProxy */ = {
			isa = PBXContainerItemProxy;
			containerPortal = AE00000000000000000000A1 /* Project object */;
			proxyType = 1;
			remoteGlobalIDString = AE00000000000000000000E1;
			remoteInfo = AuraWatch;
		};
		AE00000000000000000000FE /* PBXContainerItemProxy */ = {
			isa = PBXContainerItemProxy;
			containerPortal = AE00000000000000000000A1 /* Project object */;
			proxyType = 1;
			remoteGlobalIDString = AE00000000000000000000EE;
			remoteInfo = AuraWatchComplication;
		};
/* End PBXContainerItemProxy section */

/* Begin PBXCopyFilesBuildPhase section */
		AE00000000000000000000DD /* Embed Foundation Extensions */ = {
			isa = PBXCopyFilesBuildPhase;
			buildActionMask = 2147483647;
			dstPath = "";
			dstSubfolderSpec = 13;
			files = (
				AE00000000000000000000DC /* AuraWidgetsExtension.appex in Embed Foundation Extensions */,
			);
			name = "Embed Foundation Extensions";
			runOnlyForDeploymentPostprocessing = 0;
		};
		AE00000000000000000000E4 /* Embed Foundation Extensions */ = {
			isa = PBXCopyFilesBuildPhase;
			buildActionMask = 2147483647;
			dstPath = "";
			dstSubfolderSpec = 13;
			files = (
				AE00000000000000000000ED /* AuraWatchComplication.appex in Embed Foundation Extensions */,
			);
			name = "Embed Foundation Extensions";
			runOnlyForDeploymentPostprocessing = 0;
		};
		AE00000000000000000000FB /* Embed Watch Content */ = {
			isa = PBXCopyFilesBuildPhase;
			buildActionMask = 2147483647;
			dstPath = "$(CONTENTS_FOLDER_PATH)/Watch";
			dstSubfolderSpec = 16;
			files = (
				AE00000000000000000000FC /* AuraWatch.app in Embed Watch Content */,
			);
			name = "Embed Watch Content";
			runOnlyForDeploymentPostprocessing = 0;
		};
/* End PBXCopyFilesBuildPhase section */

/* Begin PBXFileReference section */
		AE00000000000000000000A4 /* Aura.app */ = {isa = PBXFileReference; explicitFileType = wrapper.application; includeInIndex = 0; path = Aura.app; sourceTree = BUILT_PRODUCTS_DIR; };
		AE00000000000000000000D2 /* AuraWidgetsExtension.appex */ = {isa = PBXFileReference; explicitFileType = "wrapper.app-extension"; includeInIndex = 0; path = AuraWidgetsExtension.appex; sourceTree = BUILT_PRODUCTS_DIR; };
		AE00000000000000000000E5 /* AuraWatch.app */ = {isa = PBXFileReference; explicitFileType = wrapper.application; includeInIndex = 0; path = AuraWatch.app; sourceTree = BUILT_PRODUCTS_DIR; };
		AE00000000000000000000F1 /* AuraWatchComplication.appex */ = {isa = PBXFileReference; explicitFileType = "wrapper.app-extension"; includeInIndex = 0; path = AuraWatchComplication.appex; sourceTree = BUILT_PRODUCTS_DIR; };
/* End PBXFileReference section */

/* Begin PBXFileSystemSynchronizedBuildFileExceptionSet section */
		AE00000000000000000000E0 /* Exceptions for "AuraWidgets" folder in "AuraWidgetsExtension" target */ = {
			isa = PBXFileSystemSynchronizedBuildFileExceptionSet;
			membershipExceptions = (
				Info.plist,
			);
			target = AE00000000000000000000D1 /* AuraWidgetsExtension */;
		};
/* End PBXFileSystemSynchronizedBuildFileExceptionSet section */

/* Begin PBXFileSystemSynchronizedRootGroup section */
		AE00000000000000000000A9 /* Aura */ = {
			isa = PBXFileSystemSynchronizedRootGroup;
			path = Aura;
			sourceTree = "<group>";
		};
		AE00000000000000000000D6 /* AuraWidgets */ = {
			isa = PBXFileSystemSynchronizedRootGroup;
			exceptions = (
				AE00000000000000000000E0 /* Exceptions for "AuraWidgets" folder in "AuraWidgetsExtension" target */,
			);
			path = AuraWidgets;
			sourceTree = "<group>";
		};
		AE00000000000000000000E6 /* AuraWatch */ = {
			isa = PBXFileSystemSynchronizedRootGroup;
			path = AuraWatch;
			sourceTree = "<group>";
		};
		AE00000000000000000000F2 /* AuraWatchComplication */ = {
			isa = PBXFileSystemSynchronizedRootGroup;
			path = AuraWatchComplication;
			sourceTree = "<group>";
		};
/* End PBXFileSystemSynchronizedRootGroup section */

/* Begin PBXFrameworksBuildPhase section */
		AE00000000000000000000A7 /* Frameworks */ = {
			isa = PBXFrameworksBuildPhase;
			buildActionMask = 2147483647;
			files = (
				AE00000000000000000000C3 /* AuraKit in Frameworks */,
			);
			runOnlyForDeploymentPostprocessing = 0;
		};
		AE00000000000000000000D4 /* Frameworks */ = {
			isa = PBXFrameworksBuildPhase;
			buildActionMask = 2147483647;
			files = (
				AE00000000000000000000DB /* AuraKit in Frameworks */,
			);
			runOnlyForDeploymentPostprocessing = 0;
		};
		AE00000000000000000000E3 /* Frameworks */ = {
			isa = PBXFrameworksBuildPhase;
			buildActionMask = 2147483647;
			files = (
				AE00000000000000000000EB /* AuraKit in Frameworks */,
			);
			runOnlyForDeploymentPostprocessing = 0;
		};
		AE00000000000000000000F0 /* Frameworks */ = {
			isa = PBXFrameworksBuildPhase;
			buildActionMask = 2147483647;
			files = (
				AE00000000000000000000F7 /* AuraKit in Frameworks */,
			);
			runOnlyForDeploymentPostprocessing = 0;
		};
/* End PBXFrameworksBuildPhase section */

/* Begin PBXGroup section */
		AE00000000000000000000A2 = {
			isa = PBXGroup;
			children = (
				AE00000000000000000000A9 /* Aura */,
				AE00000000000000000000D6 /* AuraWidgets */,
				AE00000000000000000000E6 /* AuraWatch */,
				AE00000000000000000000F2 /* AuraWatchComplication */,
				AE00000000000000000000A3 /* Products */,
			);
			sourceTree = "<group>";
		};
		AE00000000000000000000A3 /* Products */ = {
			isa = PBXGroup;
			children = (
				AE00000000000000000000A4 /* Aura.app */,
				AE00000000000000000000D2 /* AuraWidgetsExtension.appex */,
				AE00000000000000000000E5 /* AuraWatch.app */,
				AE00000000000000000000F1 /* AuraWatchComplication.appex */,
			);
			name = Products;
			sourceTree = "<group>";
		};
/* End PBXGroup section */

/* Begin PBXNativeTarget section */
		AE00000000000000000000A5 /* Aura */ = {
			isa = PBXNativeTarget;
			buildConfigurationList = AE00000000000000000000B2 /* Build configuration list for PBXNativeTarget "Aura" */;
			buildPhases = (
				AE00000000000000000000A6 /* Sources */,
				AE00000000000000000000A7 /* Frameworks */,
				AE00000000000000000000A8 /* Resources */,
				AE00000000000000000000DD /* Embed Foundation Extensions */,
				AE00000000000000000000FB /* Embed Watch Content */,
			);
			buildRules = (
			);
			dependencies = (
				AE00000000000000000000DE /* PBXTargetDependency */,
				AE00000000000000000000F9 /* PBXTargetDependency */,
			);
			fileSystemSynchronizedGroups = (
				AE00000000000000000000A9 /* Aura */,
			);
			name = Aura;
			packageProductDependencies = (
				AE00000000000000000000C2 /* AuraKit */,
			);
			productName = Aura;
			productReference = AE00000000000000000000A4 /* Aura.app */;
			productType = "com.apple.product-type.application";
		};
		AE00000000000000000000D1 /* AuraWidgetsExtension */ = {
			isa = PBXNativeTarget;
			buildConfigurationList = AE00000000000000000000D7 /* Build configuration list for PBXNativeTarget "AuraWidgetsExtension" */;
			buildPhases = (
				AE00000000000000000000D3 /* Sources */,
				AE00000000000000000000D4 /* Frameworks */,
				AE00000000000000000000D5 /* Resources */,
			);
			buildRules = (
			);
			dependencies = (
			);
			fileSystemSynchronizedGroups = (
				AE00000000000000000000D6 /* AuraWidgets */,
			);
			name = AuraWidgetsExtension;
			packageProductDependencies = (
				AE00000000000000000000DA /* AuraKit */,
			);
			productName = AuraWidgetsExtension;
			productReference = AE00000000000000000000D2 /* AuraWidgetsExtension.appex */;
			productType = "com.apple.product-type.app-extension";
		};
		AE00000000000000000000E1 /* AuraWatch */ = {
			isa = PBXNativeTarget;
			buildConfigurationList = AE00000000000000000000E7 /* Build configuration list for PBXNativeTarget "AuraWatch" */;
			buildPhases = (
				AE00000000000000000000E2 /* Sources */,
				AE00000000000000000000E3 /* Frameworks */,
				AE00000000000000000000E4 /* Embed Foundation Extensions */,
			);
			buildRules = (
			);
			dependencies = (
				AE00000000000000000000FD /* PBXTargetDependency */,
			);
			fileSystemSynchronizedGroups = (
				AE00000000000000000000E6 /* AuraWatch */,
			);
			name = AuraWatch;
			packageProductDependencies = (
				AE00000000000000000000EA /* AuraKit */,
			);
			productName = AuraWatch;
			productReference = AE00000000000000000000E5 /* AuraWatch.app */;
			productType = "com.apple.product-type.application";
		};
		AE00000000000000000000EE /* AuraWatchComplication */ = {
			isa = PBXNativeTarget;
			buildConfigurationList = AE00000000000000000000F3 /* Build configuration list for PBXNativeTarget "AuraWatchComplication" */;
			buildPhases = (
				AE00000000000000000000EF /* Sources */,
				AE00000000000000000000F0 /* Frameworks */,
			);
			buildRules = (
			);
			dependencies = (
			);
			fileSystemSynchronizedGroups = (
				AE00000000000000000000F2 /* AuraWatchComplication */,
			);
			name = AuraWatchComplication;
			packageProductDependencies = (
				AE00000000000000000000F6 /* AuraKit */,
			);
			productName = AuraWatchComplication;
			productReference = AE00000000000000000000F1 /* AuraWatchComplication.appex */;
			productType = "com.apple.product-type.app-extension";
		};
/* End PBXNativeTarget section */

/* Begin PBXProject section */
		AE00000000000000000000A1 /* Project object */ = {
			isa = PBXProject;
			attributes = {
				BuildIndependentTargetsInParallel = 1;
				LastSwiftUpdateCheck = 2660;
				LastUpgradeCheck = 2660;
				TargetAttributes = {
					AE00000000000000000000A5 = {
						CreatedOnToolsVersion = 26.6;
					};
					AE00000000000000000000D1 = {
						CreatedOnToolsVersion = 26.6;
					};
					AE00000000000000000000E1 = {
						CreatedOnToolsVersion = 26.6;
					};
					AE00000000000000000000EE = {
						CreatedOnToolsVersion = 26.6;
					};
				};
			};
			buildConfigurationList = AE00000000000000000000B1 /* Build configuration list for PBXProject "Aura" */;
			developmentRegion = en;
			hasScannedForEncodings = 0;
			knownRegions = (
				en,
				Base,
				es,
			);
			mainGroup = AE00000000000000000000A2;
			minimizedProjectReferenceProxies = 1;
			packageReferences = (
				AE00000000000000000000C1 /* XCLocalSwiftPackageReference "." */,
			);
			preferredProjectObjectVersion = 77;
			productRefGroup = AE00000000000000000000A3 /* Products */;
			projectDirPath = "";
			projectRoot = "";
			targets = (
				AE00000000000000000000A5 /* Aura */,
				AE00000000000000000000D1 /* AuraWidgetsExtension */,
				AE00000000000000000000E1 /* AuraWatch */,
				AE00000000000000000000EE /* AuraWatchComplication */,
			);
		};
/* End PBXProject section */

/* Begin PBXResourcesBuildPhase section */
		AE00000000000000000000A8 /* Resources */ = {
			isa = PBXResourcesBuildPhase;
			buildActionMask = 2147483647;
			files = (
			);
			runOnlyForDeploymentPostprocessing = 0;
		};
		AE00000000000000000000D5 /* Resources */ = {
			isa = PBXResourcesBuildPhase;
			buildActionMask = 2147483647;
			files = (
			);
			runOnlyForDeploymentPostprocessing = 0;
		};
/* End PBXResourcesBuildPhase section */

/* Begin PBXSourcesBuildPhase section */
		AE00000000000000000000A6 /* Sources */ = {
			isa = PBXSourcesBuildPhase;
			buildActionMask = 2147483647;
			files = (
			);
			runOnlyForDeploymentPostprocessing = 0;
		};
		AE00000000000000000000D3 /* Sources */ = {
			isa = PBXSourcesBuildPhase;
			buildActionMask = 2147483647;
			files = (
			);
			runOnlyForDeploymentPostprocessing = 0;
		};
		AE00000000000000000000E2 /* Sources */ = {
			isa = PBXSourcesBuildPhase;
			buildActionMask = 2147483647;
			files = (
			);
			runOnlyForDeploymentPostprocessing = 0;
		};
		AE00000000000000000000EF /* Sources */ = {
			isa = PBXSourcesBuildPhase;
			buildActionMask = 2147483647;
			files = (
			);
			runOnlyForDeploymentPostprocessing = 0;
		};
/* End PBXSourcesBuildPhase section */

/* Begin PBXTargetDependency section */
		AE00000000000000000000DE /* PBXTargetDependency */ = {
			isa = PBXTargetDependency;
			target = AE00000000000000000000D1 /* AuraWidgetsExtension */;
			targetProxy = AE00000000000000000000DF /* PBXContainerItemProxy */;
		};
		AE00000000000000000000F9 /* PBXTargetDependency */ = {
			isa = PBXTargetDependency;
			target = AE00000000000000000000E1 /* AuraWatch */;
			targetProxy = AE00000000000000000000FA /* PBXContainerItemProxy */;
		};
		AE00000000000000000000FD /* PBXTargetDependency */ = {
			isa = PBXTargetDependency;
			target = AE00000000000000000000EE /* AuraWatchComplication */;
			targetProxy = AE00000000000000000000FE /* PBXContainerItemProxy */;
		};
/* End PBXTargetDependency section */

/* Begin XCBuildConfiguration section */
		AE00000000000000000000B3 /* Debug */ = {
			isa = XCBuildConfiguration;
			buildSettings = {
				ALWAYS_SEARCH_USER_PATHS = NO;
				ASSETCATALOG_COMPILER_GENERATE_SWIFT_ASSET_SYMBOL_EXTENSIONS = YES;
				CLANG_ANALYZER_NONNULL = YES;
				CLANG_ANALYZER_NUMBER_OBJECT_CONVERSION = YES_AGGRESSIVE;
				CLANG_ENABLE_MODULES = YES;
				CLANG_ENABLE_OBJC_ARC = YES;
				CLANG_ENABLE_OBJC_WEAK = YES;
				CLANG_WARN_BOOL_CONVERSION = YES;
				CLANG_WARN_CONSTANT_CONVERSION = YES;
				CLANG_WARN_DOCUMENTATION_COMMENTS = YES;
				CLANG_WARN_EMPTY_BODY = YES;
				CLANG_WARN_ENUM_CONVERSION = YES;
				CLANG_WARN_INFINITE_RECURSION = YES;
				CLANG_WARN_INT_CONVERSION = YES;
				CLANG_WARN_UNREACHABLE_CODE = YES;
				COPY_PHASE_STRIP = NO;
				DEAD_CODE_STRIPPING = YES;
				DEBUG_INFORMATION_FORMAT = dwarf;
				ENABLE_STRICT_OBJC_MSGSEND = YES;
				ENABLE_TESTABILITY = YES;
				ENABLE_USER_SCRIPT_SANDBOXING = YES;
				GCC_C_LANGUAGE_STANDARD = gnu17;
				GCC_DYNAMIC_NO_PIC = NO;
				GCC_NO_COMMON_BLOCKS = YES;
				GCC_OPTIMIZATION_LEVEL = 0;
				GCC_PREPROCESSOR_DEFINITIONS = (
					"DEBUG=1",
					"$(inherited)",
				);
				GCC_WARN_ABOUT_RETURN_TYPE = YES_ERROR;
				GCC_WARN_UNINITIALIZED_AUTOS = YES_AGGRESSIVE;
				GCC_WARN_UNUSED_FUNCTION = YES;
				GCC_WARN_UNUSED_VARIABLE = YES;
				LOCALIZATION_PREFERS_STRING_CATALOGS = YES;
				MTL_ENABLE_DEBUG_INFO = INCLUDE_SOURCE;
				MTL_FAST_MATH = YES;
				ONLY_ACTIVE_ARCH = YES;
				SWIFT_ACTIVE_COMPILATION_CONDITIONS = "DEBUG $(inherited)";
				SWIFT_OPTIMIZATION_LEVEL = "-Onone";
			};
			name = Debug;
		};
		AE00000000000000000000B4 /* Release */ = {
			isa = XCBuildConfiguration;
			buildSettings = {
				ALWAYS_SEARCH_USER_PATHS = NO;
				ASSETCATALOG_COMPILER_GENERATE_SWIFT_ASSET_SYMBOL_EXTENSIONS = YES;
				CLANG_ANALYZER_NONNULL = YES;
				CLANG_ANALYZER_NUMBER_OBJECT_CONVERSION = YES_AGGRESSIVE;
				CLANG_ENABLE_MODULES = YES;
				CLANG_ENABLE_OBJC_ARC = YES;
				CLANG_ENABLE_OBJC_WEAK = YES;
				CLANG_WARN_BOOL_CONVERSION = YES;
				CLANG_WARN_CONSTANT_CONVERSION = YES;
				CLANG_WARN_DOCUMENTATION_COMMENTS = YES;
				CLANG_WARN_EMPTY_BODY = YES;
				CLANG_WARN_ENUM_CONVERSION = YES;
				CLANG_WARN_INFINITE_RECURSION = YES;
				CLANG_WARN_INT_CONVERSION = YES;
				CLANG_WARN_UNREACHABLE_CODE = YES;
				COPY_PHASE_STRIP = NO;
				DEAD_CODE_STRIPPING = YES;
				DEBUG_INFORMATION_FORMAT = "dwarf-with-dsym";
				ENABLE_NS_ASSERTIONS = NO;
				ENABLE_STRICT_OBJC_MSGSEND = YES;
				ENABLE_USER_SCRIPT_SANDBOXING = YES;
				GCC_C_LANGUAGE_STANDARD = gnu17;
				GCC_NO_COMMON_BLOCKS = YES;
				GCC_WARN_ABOUT_RETURN_TYPE = YES_ERROR;
				GCC_WARN_UNINITIALIZED_AUTOS = YES_AGGRESSIVE;
				GCC_WARN_UNUSED_FUNCTION = YES;
				GCC_WARN_UNUSED_VARIABLE = YES;
				LOCALIZATION_PREFERS_STRING_CATALOGS = YES;
				MTL_ENABLE_DEBUG_INFO = NO;
				MTL_FAST_MATH = YES;
				SWIFT_COMPILATION_MODE = wholemodule;
			};
			name = Release;
		};
		AE00000000000000000000B5 /* Debug */ = {
			isa = XCBuildConfiguration;
			buildSettings = {
				ASSETCATALOG_COMPILER_ALTERNATE_APPICON_NAMES = (
					AuraSpring,
					AuraSummer,
					AuraAutumn,
					AuraWinter,
				);
				ASSETCATALOG_COMPILER_APPICON_NAME = AppIcon;
				ASSETCATALOG_COMPILER_GLOBAL_ACCENT_COLOR_NAME = AccentColor;
				CODE_SIGN_ENTITLEMENTS = Aura/Aura.entitlements;
				CODE_SIGN_STYLE = Automatic;
				CURRENT_PROJECT_VERSION = 1;
				DEAD_CODE_STRIPPING = YES;
				DEVELOPMENT_LANGUAGE = es;
				DEVELOPMENT_TEAM = HTVGRBVW58;
				ENABLE_PREVIEWS = YES;
				GENERATE_INFOPLIST_FILE = YES;
				INFOPLIST_KEY_CFBundleDisplayName = Aura;
				INFOPLIST_KEY_NSLocationWhenInUseUsageDescription = "Aura usa tu ubicación para mostrar el tiempo de tu municipio.";
				INFOPLIST_KEY_UIApplicationSceneManifest_Generation = YES;
				INFOPLIST_KEY_UIApplicationSupportsIndirectInputEvents = YES;
				INFOPLIST_KEY_UILaunchScreen_Generation = YES;
				INFOPLIST_KEY_UISupportedInterfaceOrientations_iPad = "UIInterfaceOrientationPortrait UIInterfaceOrientationPortraitUpsideDown UIInterfaceOrientationLandscapeLeft UIInterfaceOrientationLandscapeRight";
				INFOPLIST_KEY_UISupportedInterfaceOrientations_iPhone = "UIInterfaceOrientationPortrait UIInterfaceOrientationLandscapeLeft UIInterfaceOrientationLandscapeRight";
				IPHONEOS_DEPLOYMENT_TARGET = 17.0;
				LD_RUNPATH_SEARCH_PATHS = "@executable_path/Frameworks";
				MARKETING_VERSION = 0.1.0;
				PRODUCT_BUNDLE_IDENTIFIER = com.mab.Aura;
				PRODUCT_NAME = Aura;
				SDKROOT = iphoneos;
				SUPPORTED_PLATFORMS = "iphoneos iphonesimulator";
				SWIFT_APPROACHABLE_CONCURRENCY = YES;
				SWIFT_DEFAULT_ACTOR_ISOLATION = MainActor;
				SWIFT_EMIT_LOC_STRINGS = YES;
				SWIFT_VERSION = 5.0;
				TARGETED_DEVICE_FAMILY = "1,2";
			};
			name = Debug;
		};
		AE00000000000000000000B6 /* Release */ = {
			isa = XCBuildConfiguration;
			buildSettings = {
				ASSETCATALOG_COMPILER_ALTERNATE_APPICON_NAMES = (
					AuraSpring,
					AuraSummer,
					AuraAutumn,
					AuraWinter,
				);
				ASSETCATALOG_COMPILER_APPICON_NAME = AppIcon;
				ASSETCATALOG_COMPILER_GLOBAL_ACCENT_COLOR_NAME = AccentColor;
				CODE_SIGN_ENTITLEMENTS = Aura/Aura.entitlements;
				CODE_SIGN_STYLE = Automatic;
				CURRENT_PROJECT_VERSION = 1;
				DEAD_CODE_STRIPPING = YES;
				DEVELOPMENT_LANGUAGE = es;
				DEVELOPMENT_TEAM = HTVGRBVW58;
				ENABLE_PREVIEWS = YES;
				GENERATE_INFOPLIST_FILE = YES;
				INFOPLIST_KEY_CFBundleDisplayName = Aura;
				INFOPLIST_KEY_NSLocationWhenInUseUsageDescription = "Aura usa tu ubicación para mostrar el tiempo de tu municipio.";
				INFOPLIST_KEY_UIApplicationSceneManifest_Generation = YES;
				INFOPLIST_KEY_UIApplicationSupportsIndirectInputEvents = YES;
				INFOPLIST_KEY_UILaunchScreen_Generation = YES;
				INFOPLIST_KEY_UISupportedInterfaceOrientations_iPad = "UIInterfaceOrientationPortrait UIInterfaceOrientationPortraitUpsideDown UIInterfaceOrientationLandscapeLeft UIInterfaceOrientationLandscapeRight";
				INFOPLIST_KEY_UISupportedInterfaceOrientations_iPhone = "UIInterfaceOrientationPortrait UIInterfaceOrientationLandscapeLeft UIInterfaceOrientationLandscapeRight";
				IPHONEOS_DEPLOYMENT_TARGET = 17.0;
				LD_RUNPATH_SEARCH_PATHS = "@executable_path/Frameworks";
				MARKETING_VERSION = 0.1.0;
				PRODUCT_BUNDLE_IDENTIFIER = com.mab.Aura;
				PRODUCT_NAME = Aura;
				SDKROOT = iphoneos;
				SUPPORTED_PLATFORMS = "iphoneos iphonesimulator";
				SWIFT_APPROACHABLE_CONCURRENCY = YES;
				SWIFT_DEFAULT_ACTOR_ISOLATION = MainActor;
				SWIFT_EMIT_LOC_STRINGS = YES;
				SWIFT_VERSION = 5.0;
				TARGETED_DEVICE_FAMILY = "1,2";
			};
			name = Release;
		};
		AE00000000000000000000D8 /* Debug */ = {
			isa = XCBuildConfiguration;
			buildSettings = {
				ASSETCATALOG_COMPILER_GLOBAL_ACCENT_COLOR_NAME = AccentColor;
				CODE_SIGN_ENTITLEMENTS = AuraWidgets/AuraWidgets.entitlements;
				CODE_SIGN_STYLE = Automatic;
				CURRENT_PROJECT_VERSION = 1;
				DEAD_CODE_STRIPPING = YES;
				DEVELOPMENT_LANGUAGE = es;
				DEVELOPMENT_TEAM = HTVGRBVW58;
				GENERATE_INFOPLIST_FILE = YES;
				INFOPLIST_FILE = AuraWidgets/Info.plist;
				INFOPLIST_KEY_CFBundleDisplayName = Aura;
				INFOPLIST_KEY_NSHumanReadableCopyright = "";
				IPHONEOS_DEPLOYMENT_TARGET = 17.0;
				LD_RUNPATH_SEARCH_PATHS = (
					"@executable_path/Frameworks",
					"@executable_path/../../Frameworks",
				);
				MARKETING_VERSION = 0.1.0;
				PRODUCT_BUNDLE_IDENTIFIER = com.mab.Aura.Widgets;
				PRODUCT_NAME = "$(TARGET_NAME)";
				SDKROOT = iphoneos;
				SKIP_INSTALL = YES;
				SUPPORTED_PLATFORMS = "iphoneos iphonesimulator";
				SWIFT_APPROACHABLE_CONCURRENCY = YES;
				SWIFT_DEFAULT_ACTOR_ISOLATION = MainActor;
				SWIFT_EMIT_LOC_STRINGS = YES;
				SWIFT_VERSION = 5.0;
				TARGETED_DEVICE_FAMILY = "1,2";
			};
			name = Debug;
		};
		AE00000000000000000000D9 /* Release */ = {
			isa = XCBuildConfiguration;
			buildSettings = {
				ASSETCATALOG_COMPILER_GLOBAL_ACCENT_COLOR_NAME = AccentColor;
				CODE_SIGN_ENTITLEMENTS = AuraWidgets/AuraWidgets.entitlements;
				CODE_SIGN_STYLE = Automatic;
				CURRENT_PROJECT_VERSION = 1;
				DEAD_CODE_STRIPPING = YES;
				DEVELOPMENT_LANGUAGE = es;
				DEVELOPMENT_TEAM = HTVGRBVW58;
				GENERATE_INFOPLIST_FILE = YES;
				INFOPLIST_FILE = AuraWidgets/Info.plist;
				INFOPLIST_KEY_CFBundleDisplayName = Aura;
				INFOPLIST_KEY_NSHumanReadableCopyright = "";
				IPHONEOS_DEPLOYMENT_TARGET = 17.0;
				LD_RUNPATH_SEARCH_PATHS = (
					"@executable_path/Frameworks",
					"@executable_path/../../Frameworks",
				);
				MARKETING_VERSION = 0.1.0;
				PRODUCT_BUNDLE_IDENTIFIER = com.mab.Aura.Widgets;
				PRODUCT_NAME = "$(TARGET_NAME)";
				SDKROOT = iphoneos;
				SKIP_INSTALL = YES;
				SUPPORTED_PLATFORMS = "iphoneos iphonesimulator";
				SWIFT_APPROACHABLE_CONCURRENCY = YES;
				SWIFT_DEFAULT_ACTOR_ISOLATION = MainActor;
				SWIFT_EMIT_LOC_STRINGS = YES;
				SWIFT_VERSION = 5.0;
				TARGETED_DEVICE_FAMILY = "1,2";
			};
			name = Release;
		};
		AE00000000000000000000E8 /* Debug */ = {
			isa = XCBuildConfiguration;
			buildSettings = {
				CODE_SIGN_ENTITLEMENTS = AuraWatch/AuraWatch.entitlements;
				CODE_SIGN_STYLE = Automatic;
				CURRENT_PROJECT_VERSION = 1;
				DEVELOPMENT_LANGUAGE = es;
				DEVELOPMENT_TEAM = HTVGRBVW58;
				ENABLE_PREVIEWS = YES;
				GENERATE_INFOPLIST_FILE = YES;
				INFOPLIST_FILE = AuraWatch/Info.plist;
				INFOPLIST_KEY_CFBundleDisplayName = Aura;
				INFOPLIST_KEY_WKCompanionAppBundleIdentifier = com.mab.Aura;
				LD_RUNPATH_SEARCH_PATHS = "@executable_path/Frameworks";
				MARKETING_VERSION = 0.1.0;
				PRODUCT_BUNDLE_IDENTIFIER = com.mab.Aura.watchkitapp;
				PRODUCT_NAME = "$(TARGET_NAME)";
				SDKROOT = watchos;
				SKIP_INSTALL = YES;
				SUPPORTED_PLATFORMS = "watchos watchsimulator";
				SWIFT_APPROACHABLE_CONCURRENCY = YES;
				SWIFT_DEFAULT_ACTOR_ISOLATION = MainActor;
				SWIFT_EMIT_LOC_STRINGS = YES;
				SWIFT_VERSION = 5.0;
				TARGETED_DEVICE_FAMILY = 4;
				WATCHOS_DEPLOYMENT_TARGET = 10.0;
			};
			name = Debug;
		};
		AE00000000000000000000E9 /* Release */ = {
			isa = XCBuildConfiguration;
			buildSettings = {
				CODE_SIGN_ENTITLEMENTS = AuraWatch/AuraWatch.entitlements;
				CODE_SIGN_STYLE = Automatic;
				CURRENT_PROJECT_VERSION = 1;
				DEVELOPMENT_LANGUAGE = es;
				DEVELOPMENT_TEAM = HTVGRBVW58;
				ENABLE_PREVIEWS = YES;
				GENERATE_INFOPLIST_FILE = YES;
				INFOPLIST_FILE = AuraWatch/Info.plist;
				INFOPLIST_KEY_CFBundleDisplayName = Aura;
				INFOPLIST_KEY_WKCompanionAppBundleIdentifier = com.mab.Aura;
				LD_RUNPATH_SEARCH_PATHS = "@executable_path/Frameworks";
				MARKETING_VERSION = 0.1.0;
				PRODUCT_BUNDLE_IDENTIFIER = com.mab.Aura.watchkitapp;
				PRODUCT_NAME = "$(TARGET_NAME)";
				SDKROOT = watchos;
				SKIP_INSTALL = YES;
				SUPPORTED_PLATFORMS = "watchos watchsimulator";
				SWIFT_APPROACHABLE_CONCURRENCY = YES;
				SWIFT_DEFAULT_ACTOR_ISOLATION = MainActor;
				SWIFT_EMIT_LOC_STRINGS = YES;
				SWIFT_VERSION = 5.0;
				TARGETED_DEVICE_FAMILY = 4;
				WATCHOS_DEPLOYMENT_TARGET = 10.0;
			};
			name = Release;
		};
		AE00000000000000000000F4 /* Debug */ = {
			isa = XCBuildConfiguration;
			buildSettings = {
				CODE_SIGN_ENTITLEMENTS = AuraWatchComplication/AuraWatchComplication.entitlements;
				CODE_SIGN_STYLE = Automatic;
				CURRENT_PROJECT_VERSION = 1;
				DEVELOPMENT_LANGUAGE = es;
				DEVELOPMENT_TEAM = HTVGRBVW58;
				GENERATE_INFOPLIST_FILE = YES;
				INFOPLIST_FILE = AuraWatchComplication/Info.plist;
				INFOPLIST_KEY_CFBundleDisplayName = Aura;
				LD_RUNPATH_SEARCH_PATHS = (
					"@executable_path/Frameworks",
					"@executable_path/../../Frameworks",
				);
				MARKETING_VERSION = 0.1.0;
				PRODUCT_BUNDLE_IDENTIFIER = com.mab.Aura.watchkitapp.widget;
				PRODUCT_NAME = "$(TARGET_NAME)";
				SDKROOT = watchos;
				SKIP_INSTALL = YES;
				SUPPORTED_PLATFORMS = "watchos watchsimulator";
				SWIFT_APPROACHABLE_CONCURRENCY = YES;
				SWIFT_DEFAULT_ACTOR_ISOLATION = MainActor;
				SWIFT_EMIT_LOC_STRINGS = YES;
				SWIFT_VERSION = 5.0;
				TARGETED_DEVICE_FAMILY = 4;
				WATCHOS_DEPLOYMENT_TARGET = 10.0;
			};
			name = Debug;
		};
		AE00000000000000000000F5 /* Release */ = {
			isa = XCBuildConfiguration;
			buildSettings = {
				CODE_SIGN_ENTITLEMENTS = AuraWatchComplication/AuraWatchComplication.entitlements;
				CODE_SIGN_STYLE = Automatic;
				CURRENT_PROJECT_VERSION = 1;
				DEVELOPMENT_LANGUAGE = es;
				DEVELOPMENT_TEAM = HTVGRBVW58;
				GENERATE_INFOPLIST_FILE = YES;
				INFOPLIST_FILE = AuraWatchComplication/Info.plist;
				INFOPLIST_KEY_CFBundleDisplayName = Aura;
				LD_RUNPATH_SEARCH_PATHS = (
					"@executable_path/Frameworks",
					"@executable_path/../../Frameworks",
				);
				MARKETING_VERSION = 0.1.0;
				PRODUCT_BUNDLE_IDENTIFIER = com.mab.Aura.watchkitapp.widget;
				PRODUCT_NAME = "$(TARGET_NAME)";
				SDKROOT = watchos;
				SKIP_INSTALL = YES;
				SUPPORTED_PLATFORMS = "watchos watchsimulator";
				SWIFT_APPROACHABLE_CONCURRENCY = YES;
				SWIFT_DEFAULT_ACTOR_ISOLATION = MainActor;
				SWIFT_EMIT_LOC_STRINGS = YES;
				SWIFT_VERSION = 5.0;
				TARGETED_DEVICE_FAMILY = 4;
				WATCHOS_DEPLOYMENT_TARGET = 10.0;
			};
			name = Release;
		};
/* End XCBuildConfiguration section */

/* Begin XCConfigurationList section */
		AE00000000000000000000B1 /* Build configuration list for PBXProject "Aura" */ = {
			isa = XCConfigurationList;
			buildConfigurations = (
				AE00000000000000000000B3 /* Debug */,
				AE00000000000000000000B4 /* Release */,
			);
			defaultConfigurationIsVisible = 0;
			defaultConfigurationName = Release;
		};
		AE00000000000000000000B2 /* Build configuration list for PBXNativeTarget "Aura" */ = {
			isa = XCConfigurationList;
			buildConfigurations = (
				AE00000000000000000000B5 /* Debug */,
				AE00000000000000000000B6 /* Release */,
			);
			defaultConfigurationIsVisible = 0;
			defaultConfigurationName = Release;
		};
		AE00000000000000000000D7 /* Build configuration list for PBXNativeTarget "AuraWidgetsExtension" */ = {
			isa = XCConfigurationList;
			buildConfigurations = (
				AE00000000000000000000D8 /* Debug */,
				AE00000000000000000000D9 /* Release */,
			);
			defaultConfigurationIsVisible = 0;
			defaultConfigurationName = Release;
		};
		AE00000000000000000000E7 /* Build configuration list for PBXNativeTarget "AuraWatch" */ = {
			isa = XCConfigurationList;
			buildConfigurations = (
				AE00000000000000000000E8 /* Debug */,
				AE00000000000000000000E9 /* Release */,
			);
			defaultConfigurationIsVisible = 0;
			defaultConfigurationName = Release;
		};
		AE00000000000000000000F3 /* Build configuration list for PBXNativeTarget "AuraWatchComplication" */ = {
			isa = XCConfigurationList;
			buildConfigurations = (
				AE00000000000000000000F4 /* Debug */,
				AE00000000000000000000F5 /* Release */,
			);
			defaultConfigurationIsVisible = 0;
			defaultConfigurationName = Release;
		};
/* End XCConfigurationList section */

/* Begin XCLocalSwiftPackageReference section */
		AE00000000000000000000C1 /* XCLocalSwiftPackageReference "." */ = {
			isa = XCLocalSwiftPackageReference;
			relativePath = .;
		};
/* End XCLocalSwiftPackageReference section */

/* Begin XCSwiftPackageProductDependency section */
		AE00000000000000000000C2 /* AuraKit */ = {
			isa = XCSwiftPackageProductDependency;
			productName = AuraKit;
		};
		AE00000000000000000000DA /* AuraKit */ = {
			isa = XCSwiftPackageProductDependency;
			productName = AuraKit;
		};
		AE00000000000000000000EA /* AuraKit */ = {
			isa = XCSwiftPackageProductDependency;
			productName = AuraKit;
		};
		AE00000000000000000000F6 /* AuraKit */ = {
			isa = XCSwiftPackageProductDependency;
			productName = AuraKit;
		};
/* End XCSwiftPackageProductDependency section */
	};
	rootObject = AE00000000000000000000A1 /* Project object */;
}
